
Microsoft Visual Studio Solution File, Format Version 12.00
# Visual Studio Version 17
VisualStudioVersion = 17.6.33723.286
MinimumVisualStudioVersion = 10.0.40219.1
Project("{9A19103F-16F7-4668-BE54-9A1E7A4F7556}") = "CapitalPlacement.Assessment.Model", "CapitalPlacement.Assessment.Model\CapitalPlacement.Assessment.Model.csproj", "{4DFE4CA0-7052-451D-A9B6-5586810DAAA6}"
EndProject
Project("{FAE04EC0-301F-11D3-BF4B-00C04F79EFBC}") = "CapitalPlacement.Assessment.API", "CapitalPlacement.Assessment.API\CapitalPlacement.Assessment.API.csproj", "{E6C2D5FA-3E2B-443A-9ED0-28C171600A6A}"
EndProject
Global
	GlobalSection(SolutionConfigurationPlatforms) = preSolution
		Debug|Any CPU = Debug|Any CPU
		Release|Any CPU = Release|Any CPU
	EndGlobalSection
	GlobalSection(ProjectConfigurationPlatforms) = postSolution
		{4DFE4CA0-7052-451D-A9B6-5586810DAAA6}.Debug|Any CPU.ActiveCfg = Debug|Any CPU
		{4DFE4CA0-7052-451D-A9B6-5586810DAAA6}.Debug|Any CPU.Build.0 = Debug|Any CPU
		{4DFE4CA0-7052-451D-A9B6-5586810DAAA6}.Release|Any CPU.ActiveCfg = Release|Any CPU
		{4DFE4CA0-7052-451D-A9B6-5586810DAAA6}.Release|Any CPU.Build.0 = Release|Any CPU
		{E6C2D5FA-3E2B-443A-9ED0-28C171600A6A}.Debug|Any CPU.ActiveCfg = Debug|Any CPU
		{E6C2D5FA-3E2B-443A-9ED0-28C171600A6A}.Debug|Any CPU.Build.0 = Debug|Any CPU
		{E6C2D5FA-3E2B-443A-9ED0-28C171600A6A}.Release|Any CPU.ActiveCfg = Release|Any CPU
		{E6C2D5FA-3E2B-443A-9ED0-28C171600A6A}.Release|Any CPU.Build.0 = Release|Any CPU
	EndGlobalSection
	GlobalSection(SolutionProperties) = preSolution
		HideSolutionNode = FALSE
	EndGlobalSection
	GlobalSection(ExtensibilityGlobals) = postSolution
		SolutionGuid = {2E87AC7C-4B8A-484D-B220-12763B53EF42}
	EndGlobalSection
EndGlobal
